
Microsoft Visual Studio Solution File, Format Version 12.00
# Visual Studio Version 16
VisualStudioVersion = 16.0.30104.148
MinimumVisualStudioVersion = 10.0.40219.1
Project("{FAE04EC0-301F-11D3-BF4B-00C04F79EFBC}") = "TestApp2Process", "TestApp2Process\TestApp2Process.csproj", "{85E74ED0-E6A0-46C2-965F-D7986F35C35F}"
EndProject
Project("{FAE04EC0-301F-11D3-BF4B-00C04F79EFBC}") = "Display", "Display\Display.csproj", "{3FF0B409-44AD-4BEA-A11B-4EFEEE787347}"
EndProject
Project("{FAE04EC0-301F-11D3-BF4B-00C04F79EFBC}") = "MyDisplay", "MyDisplay\MyDisplay.csproj", "{AF9A08D6-85F2-4FE8-8844-7CDC0AFC7332}"
EndProject
Global
	GlobalSection(SolutionConfigurationPlatforms) = preSolution
		Debug|Any CPU = Debug|Any CPU
		Debug|x64 = Debug|x64
		Release|Any CPU = Release|Any CPU
		Release|x64 = Release|x64
	EndGlobalSection
	GlobalSection(ProjectConfigurationPlatforms) = postSolution
		{85E74ED0-E6A0-46C2-965F-D7986F35C35F}.Debug|Any CPU.ActiveCfg = Debug|Any CPU
		{85E74ED0-E6A0-46C2-965F-D7986F35C35F}.Debug|Any CPU.Build.0 = Debug|Any CPU
		{85E74ED0-E6A0-46C2-965F-D7986F35C35F}.Debug|x64.ActiveCfg = Debug|x64
		{85E74ED0-E6A0-46C2-965F-D7986F35C35F}.Debug|x64.Build.0 = Debug|x64
		{85E74ED0-E6A0-46C2-965F-D7986F35C35F}.Release|Any CPU.ActiveCfg = Release|Any CPU
		{85E74ED0-E6A0-46C2-965F-D7986F35C35F}.Release|Any CPU.Build.0 = Release|Any CPU
		{85E74ED0-E6A0-46C2-965F-D7986F35C35F}.Release|x64.ActiveCfg = Release|Any CPU
		{85E74ED0-E6A0-46C2-965F-D7986F35C35F}.Release|x64.Build.0 = Release|Any CPU
		{3FF0B409-44AD-4BEA-A11B-4EFEEE787347}.Debug|Any CPU.ActiveCfg = Debug|Any CPU
		{3FF0B409-44AD-4BEA-A11B-4EFEEE787347}.Debug|Any CPU.Build.0 = Debug|Any CPU
		{3FF0B409-44AD-4BEA-A11B-4EFEEE787347}.Debug|x64.ActiveCfg = Debug|x64
		{3FF0B409-44AD-4BEA-A11B-4EFEEE787347}.Debug|x64.Build.0 = Debug|x64
		{3FF0B409-44AD-4BEA-A11B-4EFEEE787347}.Release|Any CPU.ActiveCfg = Release|Any CPU
		{3FF0B409-44AD-4BEA-A11B-4EFEEE787347}.Release|Any CPU.Build.0 = Release|Any CPU
		{3FF0B409-44AD-4BEA-A11B-4EFEEE787347}.Release|x64.ActiveCfg = Release|x64
		{3FF0B409-44AD-4BEA-A11B-4EFEEE787347}.Release|x64.Build.0 = Release|x64
		{AF9A08D6-85F2-4FE8-8844-7CDC0AFC7332}.Debug|Any CPU.ActiveCfg = Debug|Any CPU
		{AF9A08D6-85F2-4FE8-8844-7CDC0AFC7332}.Debug|Any CPU.Build.0 = Debug|Any CPU
		{AF9A08D6-85F2-4FE8-8844-7CDC0AFC7332}.Debug|x64.ActiveCfg = Debug|Any CPU
		{AF9A08D6-85F2-4FE8-8844-7CDC0AFC7332}.Debug|x64.Build.0 = Debug|Any CPU
		{AF9A08D6-85F2-4FE8-8844-7CDC0AFC7332}.Release|Any CPU.ActiveCfg = Release|Any CPU
		{AF9A08D6-85F2-4FE8-8844-7CDC0AFC7332}.Release|Any CPU.Build.0 = Release|Any CPU
		{AF9A08D6-85F2-4FE8-8844-7CDC0AFC7332}.Release|x64.ActiveCfg = Release|Any CPU
		{AF9A08D6-85F2-4FE8-8844-7CDC0AFC7332}.Release|x64.Build.0 = Release|Any CPU
	EndGlobalSection
	GlobalSection(SolutionProperties) = preSolution
		HideSolutionNode = FALSE
	EndGlobalSection
	GlobalSection(ExtensibilityGlobals) = postSolution
		SolutionGuid = {537FE6F7-5583-4735-8609-B6FE907DC5C7}
	EndGlobalSection
EndGlobal
